// !$*UTF8*$!
{
	archiveVersion = 1;
	classes = {
	};
	objectVersion = 56;
	objects = {

/* Begin PBXBuildFile section */
		53B085A42BD1067B009B05D7 /* ImageLoaderManager.swift in Sources */ = {isa = PBXBuildFile; fileRef = 53B085A32BD1067B009B05D7 /* ImageLoaderManager.swift */; };
		53BFD4952BB7EC1F00AA12BC /* AppDelegate.swift in Sources */ = {isa = PBXBuildFile; fileRef = 53BFD4942BB7EC1F00AA12BC /* AppDelegate.swift */; };
		53BFD4972BB7EC1F00AA12BC /* SceneDelegate.swift in Sources */ = {isa = PBXBuildFile; fileRef = 53BFD4962BB7EC1F00AA12BC /* SceneDelegate.swift */; };
		53BFD4992BB7EC1F00AA12BC /* RMTabViewController.swift in Sources */ = {isa = PBXBuildFile; fileRef = 53BFD4982BB7EC1F00AA12BC /* RMTabViewController.swift */; };
		53BFD49E2BB7EC2100AA12BC /* Assets.xcassets in Resources */ = {isa = PBXBuildFile; fileRef = 53BFD49D2BB7EC2100AA12BC /* Assets.xcassets */; };
		53BFD4A12BB7EC2100AA12BC /* LaunchScreen.storyboard in Resources */ = {isa = PBXBuildFile; fileRef = 53BFD49F2BB7EC2100AA12BC /* LaunchScreen.storyboard */; };
		53BFD4B12BB7F14500AA12BC /* Location.swift in Sources */ = {isa = PBXBuildFile; fileRef = 53BFD4B02BB7F14500AA12BC /* Location.swift */; };
		53BFD4B32BB7F15000AA12BC /* Character.swift in Sources */ = {isa = PBXBuildFile; fileRef = 53BFD4B22BB7F15000AA12BC /* Character.swift */; };
		53BFD4B52BB7F16C00AA12BC /* Episode.swift in Sources */ = {isa = PBXBuildFile; fileRef = 53BFD4B42BB7F16C00AA12BC /* Episode.swift */; };
		53BFD4B72BB7F1D700AA12BC /* RMCharacterViewController.swift in Sources */ = {isa = PBXBuildFile; fileRef = 53BFD4B62BB7F1D700AA12BC /* RMCharacterViewController.swift */; };
		53BFD4B92BB7F1F000AA12BC /* RMLocationViewController.swift in Sources */ = {isa = PBXBuildFile; fileRef = 53BFD4B82BB7F1F000AA12BC /* RMLocationViewController.swift */; };
		53BFD4BB2BB7F1FE00AA12BC /* RMEpisodeViewController.swift in Sources */ = {isa = PBXBuildFile; fileRef = 53BFD4BA2BB7F1FE00AA12BC /* RMEpisodeViewController.swift */; };
		53BFD4BF2BB7F2F900AA12BC /* RMSettingsViewController.swift in Sources */ = {isa = PBXBuildFile; fileRef = 53BFD4BE2BB7F2F900AA12BC /* RMSettingsViewController.swift */; };
		53BFD4C12BB7F98200AA12BC /* RMService.swift in Sources */ = {isa = PBXBuildFile; fileRef = 53BFD4C02BB7F98200AA12BC /* RMService.swift */; };
		53BFD4C32BB7F98F00AA12BC /* RMRequest.swift in Sources */ = {isa = PBXBuildFile; fileRef = 53BFD4C22BB7F98F00AA12BC /* RMRequest.swift */; };
		53BFD4C52BB7F9E100AA12BC /* RMEndpoint.swift in Sources */ = {isa = PBXBuildFile; fileRef = 53BFD4C42BB7F9E100AA12BC /* RMEndpoint.swift */; };
		53C3AFCE2BCEA82500BE5C97 /* RMCharacterDetailsViewController.swift in Sources */ = {isa = PBXBuildFile; fileRef = 53C3AFCD2BCEA82500BE5C97 /* RMCharacterDetailsViewController.swift */; };
		53D344F02BD25D9600492C08 /* Extensions+UICollectionView.swift in Sources */ = {isa = PBXBuildFile; fileRef = 53D344EF2BD25D9600492C08 /* Extensions+UICollectionView.swift */; };
		53D344F32BD25F7700492C08 /* Reusable.swift in Sources */ = {isa = PBXBuildFile; fileRef = 53D344F22BD25F7700492C08 /* Reusable.swift */; };
		53D344F52BD25FAB00492C08 /* Extensions+UICollectionViewCell.swift in Sources */ = {isa = PBXBuildFile; fileRef = 53D344F42BD25FAB00492C08 /* Extensions+UICollectionViewCell.swift */; };
		53DB0E642BCFD32100CAD2A8 /* FooterLoadingCollectionReusableView.swift in Sources */ = {isa = PBXBuildFile; fileRef = 53DB0E632BCFD32100CAD2A8 /* FooterLoadingCollectionReusableView.swift */; };
		53F398A32BC13D2F005FDDD6 /* GetAllCharactersResponse.swift in Sources */ = {isa = PBXBuildFile; fileRef = 53F398A22BC13D2F005FDDD6 /* GetAllCharactersResponse.swift */; };
		53F398A52BC1410E005FDDD6 /* CharacterListViewViewModel.swift in Sources */ = {isa = PBXBuildFile; fileRef = 53F398A42BC1410E005FDDD6 /* CharacterListViewViewModel.swift */; };
		53F398A72BC1416D005FDDD6 /* CharacterListView.swift in Sources */ = {isa = PBXBuildFile; fileRef = 53F398A62BC1416D005FDDD6 /* CharacterListView.swift */; };
		53F398AA2BC14223005FDDD6 /* SnapKit in Frameworks */ = {isa = PBXBuildFile; productRef = 53F398A92BC14223005FDDD6 /* SnapKit */; };
		53F398AC2BC14223005FDDD6 /* SnapKit-Dynamic in Frameworks */ = {isa = PBXBuildFile; productRef = 53F398AB2BC14223005FDDD6 /* SnapKit-Dynamic */; };
		53F398AF2BC14259005FDDD6 /* RxBlocking in Frameworks */ = {isa = PBXBuildFile; productRef = 53F398AE2BC14259005FDDD6 /* RxBlocking */; };
		53F398B12BC14259005FDDD6 /* RxBlocking-Dynamic in Frameworks */ = {isa = PBXBuildFile; productRef = 53F398B02BC14259005FDDD6 /* RxBlocking-Dynamic */; };
		53F398B32BC14259005FDDD6 /* RxCocoa in Frameworks */ = {isa = PBXBuildFile; productRef = 53F398B22BC14259005FDDD6 /* RxCocoa */; };
		53F398B52BC14259005FDDD6 /* RxCocoa-Dynamic in Frameworks */ = {isa = PBXBuildFile; productRef = 53F398B42BC14259005FDDD6 /* RxCocoa-Dynamic */; };
		53F398B72BC14259005FDDD6 /* RxRelay in Frameworks */ = {isa = PBXBuildFile; productRef = 53F398B62BC14259005FDDD6 /* RxRelay */; };
		53F398B92BC1487B005FDDD6 /* Extensions.swift in Sources */ = {isa = PBXBuildFile; fileRef = 53F398B82BC1487B005FDDD6 /* Extensions.swift */; };
		53F398BC2BC14D7D005FDDD6 /* Differentiator in Frameworks */ = {isa = PBXBuildFile; productRef = 53F398BB2BC14D7D005FDDD6 /* Differentiator */; };
		53F398BE2BC14D7D005FDDD6 /* RxDataSources in Frameworks */ = {isa = PBXBuildFile; productRef = 53F398BD2BC14D7D005FDDD6 /* RxDataSources */; };
		53F398C12BC1551A005FDDD6 /* ActivityIndicator.swift in Sources */ = {isa = PBXBuildFile; fileRef = 53F398C02BC1551A005FDDD6 /* ActivityIndicator.swift */; };
		53F398C32BC15653005FDDD6 /* CharacterCollectionViewCell.swift in Sources */ = {isa = PBXBuildFile; fileRef = 53F398C22BC15653005FDDD6 /* CharacterCollectionViewCell.swift */; };
		53F398C52BC156FB005FDDD6 /* CharacterCollectionViewCellViewModel.swift in Sources */ = {isa = PBXBuildFile; fileRef = 53F398C42BC156FB005FDDD6 /* CharacterCollectionViewCellViewModel.swift */; };
		53F492552BD2583B00ABC23D /* CharacterPhotoCollectionViewCell.swift in Sources */ = {isa = PBXBuildFile; fileRef = 53F492512BD2583A00ABC23D /* CharacterPhotoCollectionViewCell.swift */; };
		53F492562BD2583B00ABC23D /* CharacterEpisodeCollectionViewCell.swift in Sources */ = {isa = PBXBuildFile; fileRef = 53F492522BD2583A00ABC23D /* CharacterEpisodeCollectionViewCell.swift */; };
		53F492572BD2583B00ABC23D /* CharacterInfoCollectionViewCell.swift in Sources */ = {isa = PBXBuildFile; fileRef = 53F492532BD2583A00ABC23D /* CharacterInfoCollectionViewCell.swift */; };
		53F492582BD2583B00ABC23D /* CharacterDetailView.swift in Sources */ = {isa = PBXBuildFile; fileRef = 53F492542BD2583A00ABC23D /* CharacterDetailView.swift */; };
		53F4925E2BD2584500ABC23D /* CharacterPhotoCellViewModel.swift in Sources */ = {isa = PBXBuildFile; fileRef = 53F4925A2BD2584500ABC23D /* CharacterPhotoCellViewModel.swift */; };
		53F4925F2BD2584500ABC23D /* CharacterInfoCellViewModel.swift in Sources */ = {isa = PBXBuildFile; fileRef = 53F4925B2BD2584500ABC23D /* CharacterInfoCellViewModel.swift */; };
		53F492602BD2584500ABC23D /* CharacterEpisodeCellViewModel.swift in Sources */ = {isa = PBXBuildFile; fileRef = 53F4925C2BD2584500ABC23D /* CharacterEpisodeCellViewModel.swift */; };
		53F492612BD2584500ABC23D /* CharacterDetailViewModel.swift in Sources */ = {isa = PBXBuildFile; fileRef = 53F4925D2BD2584500ABC23D /* CharacterDetailViewModel.swift */; };
		D11FD11F2BDDD9FF00D37FB3 /* RMEpisodeDetailViewController.swift in Sources */ = {isa = PBXBuildFile; fileRef = D11FD11E2BDDD9FF00D37FB3 /* RMEpisodeDetailViewController.swift */; };
		D11FD1212BDDDBF100D37FB3 /* APICacheManager.swift in Sources */ = {isa = PBXBuildFile; fileRef = D11FD1202BDDDBF100D37FB3 /* APICacheManager.swift */; };
/* End PBXBuildFile section */

/* Begin PBXFileReference section */
		53B085A32BD1067B009B05D7 /* ImageLoaderManager.swift */ = {isa = PBXFileReference; lastKnownFileType = sourcecode.swift; path = ImageLoaderManager.swift; sourceTree = "<group>"; };
		53BFD4912BB7EC1F00AA12BC /* RickAndMortyIOS.app */ = {isa = PBXFileReference; explicitFileType = wrapper.application; includeInIndex = 0; path = RickAndMortyIOS.app; sourceTree = BUILT_PRODUCTS_DIR; };
		53BFD4942BB7EC1F00AA12BC /* AppDelegate.swift */ = {isa = PBXFileReference; lastKnownFileType = sourcecode.swift; path = AppDelegate.swift; sourceTree = "<group>"; };
		53BFD4962BB7EC1F00AA12BC /* SceneDelegate.swift */ = {isa = PBXFileReference; lastKnownFileType = sourcecode.swift; path = SceneDelegate.swift; sourceTree = "<group>"; };
		53BFD4982BB7EC1F00AA12BC /* RMTabViewController.swift */ = {isa = PBXFileReference; lastKnownFileType = sourcecode.swift; path = RMTabViewController.swift; sourceTree = "<group>"; };
		53BFD49D2BB7EC2100AA12BC /* Assets.xcassets */ = {isa = PBXFileReference; lastKnownFileType = folder.assetcatalog; path = Assets.xcassets; sourceTree = "<group>"; };
		53BFD4A02BB7EC2100AA12BC /* Base */ = {isa = PBXFileReference; lastKnownFileType = file.storyboard; name = Base; path = Base.lproj/LaunchScreen.storyboard; sourceTree = "<group>"; };
		53BFD4A22BB7EC2100AA12BC /* Info.plist */ = {isa = PBXFileReference; lastKnownFileType = text.plist.xml; path = Info.plist; sourceTree = "<group>"; };
		53BFD4B02BB7F14500AA12BC /* Location.swift */ = {isa = PBXFileReference; lastKnownFileType = sourcecode.swift; path = Location.swift; sourceTree = "<group>"; };
		53BFD4B22BB7F15000AA12BC /* Character.swift */ = {isa = PBXFileReference; lastKnownFileType = sourcecode.swift; path = Character.swift; sourceTree = "<group>"; };
		53BFD4B42BB7F16C00AA12BC /* Episode.swift */ = {isa = PBXFileReference; lastKnownFileType = sourcecode.swift; path = Episode.swift; sourceTree = "<group>"; };
		53BFD4B62BB7F1D700AA12BC /* RMCharacterViewController.swift */ = {isa = PBXFileReference; lastKnownFileType = sourcecode.swift; path = RMCharacterViewController.swift; sourceTree = "<group>"; };
		53BFD4B82BB7F1F000AA12BC /* RMLocationViewController.swift */ = {isa = PBXFileReference; lastKnownFileType = sourcecode.swift; path = RMLocationViewController.swift; sourceTree = "<group>"; };
		53BFD4BA2BB7F1FE00AA12BC /* RMEpisodeViewController.swift */ = {isa = PBXFileReference; lastKnownFileType = sourcecode.swift; path = RMEpisodeViewController.swift; sourceTree = "<group>"; };
		53BFD4BE2BB7F2F900AA12BC /* RMSettingsViewController.swift */ = {isa = PBXFileReference; lastKnownFileType = sourcecode.swift; path = RMSettingsViewController.swift; sourceTree = "<group>"; };
		53BFD4C02BB7F98200AA12BC /* RMService.swift */ = {isa = PBXFileReference; lastKnownFileType = sourcecode.swift; path = RMService.swift; sourceTree = "<group>"; };
		53BFD4C22BB7F98F00AA12BC /* RMRequest.swift */ = {isa = PBXFileReference; lastKnownFileType = sourcecode.swift; path = RMRequest.swift; sourceTree = "<group>"; };
		53BFD4C42BB7F9E100AA12BC /* RMEndpoint.swift */ = {isa = PBXFileReference; lastKnownFileType = sourcecode.swift; path = RMEndpoint.swift; sourceTree = "<group>"; };
		53C3AFCD2BCEA82500BE5C97 /* RMCharacterDetailsViewController.swift */ = {isa = PBXFileReference; lastKnownFileType = sourcecode.swift; path = RMCharacterDetailsViewController.swift; sourceTree = "<group>"; };
		53D344EF2BD25D9600492C08 /* Extensions+UICollectionView.swift */ = {isa = PBXFileReference; lastKnownFileType = sourcecode.swift; path = "Extensions+UICollectionView.swift"; sourceTree = "<group>"; };
		53D344F22BD25F7700492C08 /* Reusable.swift */ = {isa = PBXFileReference; lastKnownFileType = sourcecode.swift; path = Reusable.swift; sourceTree = "<group>"; };
		53D344F42BD25FAB00492C08 /* Extensions+UICollectionViewCell.swift */ = {isa = PBXFileReference; lastKnownFileType = sourcecode.swift; path = "Extensions+UICollectionViewCell.swift"; sourceTree = "<group>"; };
		53DB0E632BCFD32100CAD2A8 /* FooterLoadingCollectionReusableView.swift */ = {isa = PBXFileReference; lastKnownFileType = sourcecode.swift; path = FooterLoadingCollectionReusableView.swift; sourceTree = "<group>"; };
		53F398A22BC13D2F005FDDD6 /* GetAllCharactersResponse.swift */ = {isa = PBXFileReference; lastKnownFileType = sourcecode.swift; path = GetAllCharactersResponse.swift; sourceTree = "<group>"; };
		53F398A42BC1410E005FDDD6 /* CharacterListViewViewModel.swift */ = {isa = PBXFileReference; lastKnownFileType = sourcecode.swift; path = CharacterListViewViewModel.swift; sourceTree = "<group>"; };
		53F398A62BC1416D005FDDD6 /* CharacterListView.swift */ = {isa = PBXFileReference; lastKnownFileType = sourcecode.swift; path = CharacterListView.swift; sourceTree = "<group>"; };
		53F398B82BC1487B005FDDD6 /* Extensions.swift */ = {isa = PBXFileReference; lastKnownFileType = sourcecode.swift; path = Extensions.swift; sourceTree = "<group>"; };
		53F398C02BC1551A005FDDD6 /* ActivityIndicator.swift */ = {isa = PBXFileReference; lastKnownFileType = sourcecode.swift; path = ActivityIndicator.swift; sourceTree = "<group>"; };
		53F398C22BC15653005FDDD6 /* CharacterCollectionViewCell.swift */ = {isa = PBXFileReference; lastKnownFileType = sourcecode.swift; path = CharacterCollectionViewCell.swift; sourceTree = "<group>"; };
		53F398C42BC156FB005FDDD6 /* CharacterCollectionViewCellViewModel.swift */ = {isa = PBXFileReference; lastKnownFileType = sourcecode.swift; path = CharacterCollectionViewCellViewModel.swift; sourceTree = "<group>"; };
		53F492512BD2583A00ABC23D /* CharacterPhotoCollectionViewCell.swift */ = {isa = PBXFileReference; fileEncoding = 4; lastKnownFileType = sourcecode.swift; path = CharacterPhotoCollectionViewCell.swift; sourceTree = "<group>"; };
		53F492522BD2583A00ABC23D /* CharacterEpisodeCollectionViewCell.swift */ = {isa = PBXFileReference; fileEncoding = 4; lastKnownFileType = sourcecode.swift; path = CharacterEpisodeCollectionViewCell.swift; sourceTree = "<group>"; };
		53F492532BD2583A00ABC23D /* CharacterInfoCollectionViewCell.swift */ = {isa = PBXFileReference; fileEncoding = 4; lastKnownFileType = sourcecode.swift; path = CharacterInfoCollectionViewCell.swift; sourceTree = "<group>"; };
		53F492542BD2583A00ABC23D /* CharacterDetailView.swift */ = {isa = PBXFileReference; fileEncoding = 4; lastKnownFileType = sourcecode.swift; path = CharacterDetailView.swift; sourceTree = "<group>"; };
		53F4925A2BD2584500ABC23D /* CharacterPhotoCellViewModel.swift */ = {isa = PBXFileReference; fileEncoding = 4; lastKnownFileType = sourcecode.swift; path = CharacterPhotoCellViewModel.swift; sourceTree = "<group>"; };
		53F4925B2BD2584500ABC23D /* CharacterInfoCellViewModel.swift */ = {isa = PBXFileReference; fileEncoding = 4; lastKnownFileType = sourcecode.swift; path = CharacterInfoCellViewModel.swift; sourceTree = "<group>"; };
		53F4925C2BD2584500ABC23D /* CharacterEpisodeCellViewModel.swift */ = {isa = PBXFileReference; fileEncoding = 4; lastKnownFileType = sourcecode.swift; path = CharacterEpisodeCellViewModel.swift; sourceTree = "<group>"; };
		53F4925D2BD2584500ABC23D /* CharacterDetailViewModel.swift */ = {isa = PBXFileReference; fileEncoding = 4; lastKnownFileType = sourcecode.swift; path = CharacterDetailViewModel.swift; sourceTree = "<group>"; };
		D11FD11E2BDDD9FF00D37FB3 /* RMEpisodeDetailViewController.swift */ = {isa = PBXFileReference; lastKnownFileType = sourcecode.swift; path = RMEpisodeDetailViewController.swift; sourceTree = "<group>"; };
		D11FD1202BDDDBF100D37FB3 /* APICacheManager.swift */ = {isa = PBXFileReference; lastKnownFileType = sourcecode.swift; path = APICacheManager.swift; sourceTree = "<group>"; };
/* End PBXFileReference section */

/* Begin PBXFrameworksBuildPhase section */
		53BFD48E2BB7EC1F00AA12BC /* Frameworks */ = {
			isa = PBXFrameworksBuildPhase;
			buildActionMask = 2147483647;
			files = (
				53F398AA2BC14223005FDDD6 /* SnapKit in Frameworks */,
				53F398AF2BC14259005FDDD6 /* RxBlocking in Frameworks */,
				53F398B72BC14259005FDDD6 /* RxRelay in Frameworks */,
				53F398B32BC14259005FDDD6 /* RxCocoa in Frameworks */,
				53F398BC2BC14D7D005FDDD6 /* Differentiator in Frameworks */,
				53F398AC2BC14223005FDDD6 /* SnapKit-Dynamic in Frameworks */,
				53F398BE2BC14D7D005FDDD6 /* RxDataSources in Frameworks */,
				53F398B52BC14259005FDDD6 /* RxCocoa-Dynamic in Frameworks */,
				53F398B12BC14259005FDDD6 /* RxBlocking-Dynamic in Frameworks */,
			);
			runOnlyForDeploymentPostprocessing = 0;
		};
/* End PBXFrameworksBuildPhase section */

/* Begin PBXGroup section */
		53BFD4882BB7EC1F00AA12BC = {
			isa = PBXGroup;
			children = (
				53BFD4932BB7EC1F00AA12BC /* RickAndMortyIOS */,
				53BFD4922BB7EC1F00AA12BC /* Products */,
			);
			sourceTree = "<group>";
		};
		53BFD4922BB7EC1F00AA12BC /* Products */ = {
			isa = PBXGroup;
			children = (
				53BFD4912BB7EC1F00AA12BC /* RickAndMortyIOS.app */,
			);
			name = Products;
			sourceTree = "<group>";
		};
		53BFD4932BB7EC1F00AA12BC /* RickAndMortyIOS */ = {
			isa = PBXGroup;
			children = (
				53D344EA2BD25C3B00492C08 /* Base */,
				53BFD4BD2BB7F24000AA12BC /* Features */,
				53BFD4A22BB7EC2100AA12BC /* Info.plist */,
				53BFD4AF2BB7F11B00AA12BC /* ViewControllers */,
				53BFD4AE2BB7F10F00AA12BC /* Models */,
				53BFD4AD2BB7F10900AA12BC /* Views */,
				53BFD4AC2BB7F10300AA12BC /* ViewModels */,
				53BFD4AB2BB7F0FB00AA12BC /* ApiClient */,
				53BFD4AA2BB7F0DE00AA12BC /* Managers */,
				53BFD4A92BB7F0D400AA12BC /* Resources */,
				53BFD4A82BB7F08500AA12BC /* Features */,
			);
			path = RickAndMortyIOS;
			sourceTree = "<group>";
		};
		53BFD4A82BB7F08500AA12BC /* Features */ = {
			isa = PBXGroup;
			children = (
			);
			path = Features;
			sourceTree = "<group>";
		};
		53BFD4A92BB7F0D400AA12BC /* Resources */ = {
			isa = PBXGroup;
			children = (
				53F398BF2BC15507005FDDD6 /* Rx */,
				53BFD4942BB7EC1F00AA12BC /* AppDelegate.swift */,
				53BFD4962BB7EC1F00AA12BC /* SceneDelegate.swift */,
				53BFD49D2BB7EC2100AA12BC /* Assets.xcassets */,
				53BFD49F2BB7EC2100AA12BC /* LaunchScreen.storyboard */,
				53F398B82BC1487B005FDDD6 /* Extensions.swift */,
			);
			path = Resources;
			sourceTree = "<group>";
		};
		53BFD4AA2BB7F0DE00AA12BC /* Managers */ = {
			isa = PBXGroup;
			children = (
				53B085A32BD1067B009B05D7 /* ImageLoaderManager.swift */,
				D11FD1202BDDDBF100D37FB3 /* APICacheManager.swift */,
			);
			path = Managers;
			sourceTree = "<group>";
		};
		53BFD4AB2BB7F0FB00AA12BC /* ApiClient */ = {
			isa = PBXGroup;
			children = (
				53BFD4C02BB7F98200AA12BC /* RMService.swift */,
				53BFD4C22BB7F98F00AA12BC /* RMRequest.swift */,
				53BFD4C42BB7F9E100AA12BC /* RMEndpoint.swift */,
			);
			path = ApiClient;
			sourceTree = "<group>";
		};
		53BFD4AC2BB7F10300AA12BC /* ViewModels */ = {
			isa = PBXGroup;
			children = (
				53F492592BD2584500ABC23D /* CharacterDetails */,
				53F398A42BC1410E005FDDD6 /* CharacterListViewViewModel.swift */,
				53F398C42BC156FB005FDDD6 /* CharacterCollectionViewCellViewModel.swift */,
			);
			path = ViewModels;
			sourceTree = "<group>";
		};
		53BFD4AD2BB7F10900AA12BC /* Views */ = {
			isa = PBXGroup;
			children = (
				53F4924F2BD2583A00ABC23D /* CharacterDetails */,
				53F398A62BC1416D005FDDD6 /* CharacterListView.swift */,
				53F398C22BC15653005FDDD6 /* CharacterCollectionViewCell.swift */,
				53DB0E632BCFD32100CAD2A8 /* FooterLoadingCollectionReusableView.swift */,
			);
			path = Views;
			sourceTree = "<group>";
		};
		53BFD4AE2BB7F10F00AA12BC /* Models */ = {
			isa = PBXGroup;
			children = (
				53F398A12BC13D07005FDDD6 /* ResponseTypes */,
				53F398A02BC13CFB005FDDD6 /* DataTypes */,
			);
			path = Models;
			sourceTree = "<group>";
		};
		53BFD4AF2BB7F11B00AA12BC /* ViewControllers */ = {
			isa = PBXGroup;
			children = (
				D11FD11D2BDDD9E200D37FB3 /* Episode */,
				53C3AFCC2BCEA80800BE5C97 /* Other */,
				53C3AFCB2BCEA7FA00BE5C97 /* Core */,
			);
			path = ViewControllers;
			sourceTree = "<group>";
		};
		53BFD4BD2BB7F24000AA12BC /* Features */ = {
			isa = PBXGroup;
			children = (
			);
			path = Features;
			sourceTree = "<group>";
		};
		53C3AFCB2BCEA7FA00BE5C97 /* Core */ = {
			isa = PBXGroup;
			children = (
				53BFD4982BB7EC1F00AA12BC /* RMTabViewController.swift */,
				53BFD4B62BB7F1D700AA12BC /* RMCharacterViewController.swift */,
				53BFD4B82BB7F1F000AA12BC /* RMLocationViewController.swift */,
				53BFD4BA2BB7F1FE00AA12BC /* RMEpisodeViewController.swift */,
				53BFD4BE2BB7F2F900AA12BC /* RMSettingsViewController.swift */,
			);
			path = Core;
			sourceTree = "<group>";
		};
		53C3AFCC2BCEA80800BE5C97 /* Other */ = {
			isa = PBXGroup;
			children = (
				53C3AFCD2BCEA82500BE5C97 /* RMCharacterDetailsViewController.swift */,
			);
			path = Other;
			sourceTree = "<group>";
		};
		53D344EA2BD25C3B00492C08 /* Base */ = {
			isa = PBXGroup;
			children = (
				53D344EB2BD25C3B00492C08 /* UI */,
			);
			path = Base;
			sourceTree = "<group>";
		};
		53D344EB2BD25C3B00492C08 /* UI */ = {
			isa = PBXGroup;
			children = (
				53D344F12BD25F6800492C08 /* Protocols */,
				53D344EE2BD25D7100492C08 /* Extensions */,
			);
			path = UI;
			sourceTree = "<group>";
		};
		53D344EE2BD25D7100492C08 /* Extensions */ = {
			isa = PBXGroup;
			children = (
				53D344EF2BD25D9600492C08 /* Extensions+UICollectionView.swift */,
				53D344F42BD25FAB00492C08 /* Extensions+UICollectionViewCell.swift */,
			);
			path = Extensions;
			sourceTree = "<group>";
		};
		53D344F12BD25F6800492C08 /* Protocols */ = {
			isa = PBXGroup;
			children = (
				53D344F22BD25F7700492C08 /* Reusable.swift */,
			);
			path = Protocols;
			sourceTree = "<group>";
		};
		53F398A02BC13CFB005FDDD6 /* DataTypes */ = {
			isa = PBXGroup;
			children = (
				53BFD4B02BB7F14500AA12BC /* Location.swift */,
				53BFD4B22BB7F15000AA12BC /* Character.swift */,
				53BFD4B42BB7F16C00AA12BC /* Episode.swift */,
			);
			path = DataTypes;
			sourceTree = "<group>";
		};
		53F398A12BC13D07005FDDD6 /* ResponseTypes */ = {
			isa = PBXGroup;
			children = (
				53F398A22BC13D2F005FDDD6 /* GetAllCharactersResponse.swift */,
			);
			path = ResponseTypes;
			sourceTree = "<group>";
		};
		53F398BF2BC15507005FDDD6 /* Rx */ = {
			isa = PBXGroup;
			children = (
				53F398C02BC1551A005FDDD6 /* ActivityIndicator.swift */,
			);
			path = Rx;
			sourceTree = "<group>";
		};
		53F4924F2BD2583A00ABC23D /* CharacterDetails */ = {
			isa = PBXGroup;
			children = (
				53F492502BD2583A00ABC23D /* Cells */,
				53F492542BD2583A00ABC23D /* CharacterDetailView.swift */,
			);
			path = CharacterDetails;
			sourceTree = "<group>";
		};
		53F492502BD2583A00ABC23D /* Cells */ = {
			isa = PBXGroup;
			children = (
				53F492512BD2583A00ABC23D /* CharacterPhotoCollectionViewCell.swift */,
				53F492522BD2583A00ABC23D /* CharacterEpisodeCollectionViewCell.swift */,
				53F492532BD2583A00ABC23D /* CharacterInfoCollectionViewCell.swift */,
			);
			path = Cells;
			sourceTree = "<group>";
		};
		53F492592BD2584500ABC23D /* CharacterDetails */ = {
			isa = PBXGroup;
			children = (
				53F4925A2BD2584500ABC23D /* CharacterPhotoCellViewModel.swift */,
				53F4925B2BD2584500ABC23D /* CharacterInfoCellViewModel.swift */,
				53F4925C2BD2584500ABC23D /* CharacterEpisodeCellViewModel.swift */,
				53F4925D2BD2584500ABC23D /* CharacterDetailViewModel.swift */,
			);
			path = CharacterDetails;
			sourceTree = "<group>";
		};
		D11FD11D2BDDD9E200D37FB3 /* Episode */ = {
			isa = PBXGroup;
			children = (
				D11FD11E2BDDD9FF00D37FB3 /* RMEpisodeDetailViewController.swift */,
			);
			path = Episode;
			sourceTree = "<group>";
		};
/* End PBXGroup section */

/* Begin PBXNativeTarget section */
		53BFD4902BB7EC1F00AA12BC /* RickAndMortyIOS */ = {
			isa = PBXNativeTarget;
			buildConfigurationList = 53BFD4A52BB7EC2100AA12BC /* Build configuration list for PBXNativeTarget "RickAndMortyIOS" */;
			buildPhases = (
				53BFD48D2BB7EC1F00AA12BC /* Sources */,
				53BFD48E2BB7EC1F00AA12BC /* Frameworks */,
				53BFD48F2BB7EC1F00AA12BC /* Resources */,
			);
			buildRules = (
			);
			dependencies = (
			);
			name = RickAndMortyIOS;
			packageProductDependencies = (
				53F398A92BC14223005FDDD6 /* SnapKit */,
				53F398AB2BC14223005FDDD6 /* SnapKit-Dynamic */,
				53F398AE2BC14259005FDDD6 /* RxBlocking */,
				53F398B02BC14259005FDDD6 /* RxBlocking-Dynamic */,
				53F398B22BC14259005FDDD6 /* RxCocoa */,
				53F398B42BC14259005FDDD6 /* RxCocoa-Dynamic */,
				53F398B62BC14259005FDDD6 /* RxRelay */,
				53F398BB2BC14D7D005FDDD6 /* Differentiator */,
				53F398BD2BC14D7D005FDDD6 /* RxDataSources */,
			);
			productName = RickAndMortyIOS;
			productReference = 53BFD4912BB7EC1F00AA12BC /* RickAndMortyIOS.app */;
			productType = "com.apple.product-type.application";
		};
/* End PBXNativeTarget section */

/* Begin PBXProject section */
		53BFD4892BB7EC1F00AA12BC /* Project object */ = {
			isa = PBXProject;
			attributes = {
				BuildIndependentTargetsInParallel = 1;
				LastSwiftUpdateCheck = 1500;
				LastUpgradeCheck = 1500;
				TargetAttributes = {
					53BFD4902BB7EC1F00AA12BC = {
						CreatedOnToolsVersion = 15.0.1;
					};
				};
			};
			buildConfigurationList = 53BFD48C2BB7EC1F00AA12BC /* Build configuration list for PBXProject "RickAndMortyIOS" */;
			compatibilityVersion = "Xcode 14.0";
			developmentRegion = en;
			hasScannedForEncodings = 0;
			knownRegions = (
				en,
				Base,
			);
			mainGroup = 53BFD4882BB7EC1F00AA12BC;
			packageReferences = (
				53F398A82BC14223005FDDD6 /* XCRemoteSwiftPackageReference "SnapKit" */,
				53F398AD2BC14258005FDDD6 /* XCRemoteSwiftPackageReference "RxSwift" */,
				53F398BA2BC14D7D005FDDD6 /* XCRemoteSwiftPackageReference "RxDataSources" */,
			);
			productRefGroup = 53BFD4922BB7EC1F00AA12BC /* Products */;
			projectDirPath = "";
			projectRoot = "";
			targets = (
				53BFD4902BB7EC1F00AA12BC /* RickAndMortyIOS */,
			);
		};
/* End PBXProject section */

/* Begin PBXResourcesBuildPhase section */
		53BFD48F2BB7EC1F00AA12BC /* Resources */ = {
			isa = PBXResourcesBuildPhase;
			buildActionMask = 2147483647;
			files = (
				53BFD4A12BB7EC2100AA12BC /* LaunchScreen.storyboard in Resources */,
				53BFD49E2BB7EC2100AA12BC /* Assets.xcassets in Resources */,
			);
			runOnlyForDeploymentPostprocessing = 0;
		};
/* End PBXResourcesBuildPhase section */

/* Begin PBXSourcesBuildPhase section */
		53BFD48D2BB7EC1F00AA12BC /* Sources */ = {
			isa = PBXSourcesBuildPhase;
			buildActionMask = 2147483647;
			files = (
				53BFD4B92BB7F1F000AA12BC /* RMLocationViewController.swift in Sources */,
				53F398C52BC156FB005FDDD6 /* CharacterCollectionViewCellViewModel.swift in Sources */,
				53BFD4992BB7EC1F00AA12BC /* RMTabViewController.swift in Sources */,
				53F492602BD2584500ABC23D /* CharacterEpisodeCellViewModel.swift in Sources */,
				53DB0E642BCFD32100CAD2A8 /* FooterLoadingCollectionReusableView.swift in Sources */,
				53BFD4B52BB7F16C00AA12BC /* Episode.swift in Sources */,
				53F492612BD2584500ABC23D /* CharacterDetailViewModel.swift in Sources */,
				53BFD4BB2BB7F1FE00AA12BC /* RMEpisodeViewController.swift in Sources */,
				53F4925F2BD2584500ABC23D /* CharacterInfoCellViewModel.swift in Sources */,
				53F492552BD2583B00ABC23D /* CharacterPhotoCollectionViewCell.swift in Sources */,
				53BFD4952BB7EC1F00AA12BC /* AppDelegate.swift in Sources */,
				53F492572BD2583B00ABC23D /* CharacterInfoCollectionViewCell.swift in Sources */,
				53D344F32BD25F7700492C08 /* Reusable.swift in Sources */,
				53BFD4B32BB7F15000AA12BC /* Character.swift in Sources */,
				53F492562BD2583B00ABC23D /* CharacterEpisodeCollectionViewCell.swift in Sources */,
				53B085A42BD1067B009B05D7 /* ImageLoaderManager.swift in Sources */,
				53D344F52BD25FAB00492C08 /* Extensions+UICollectionViewCell.swift in Sources */,
				D11FD1212BDDDBF100D37FB3 /* APICacheManager.swift in Sources */,
				53F398A72BC1416D005FDDD6 /* CharacterListView.swift in Sources */,
				53BFD4BF2BB7F2F900AA12BC /* RMSettingsViewController.swift in Sources */,
				53F492582BD2583B00ABC23D /* CharacterDetailView.swift in Sources */,
				53BFD4C12BB7F98200AA12BC /* RMService.swift in Sources */,
				53F398A52BC1410E005FDDD6 /* CharacterListViewViewModel.swift in Sources */,
				53D344F02BD25D9600492C08 /* Extensions+UICollectionView.swift in Sources */,
				53BFD4B12BB7F14500AA12BC /* Location.swift in Sources */,
				53F398C32BC15653005FDDD6 /* CharacterCollectionViewCell.swift in Sources */,
				53F398A32BC13D2F005FDDD6 /* GetAllCharactersResponse.swift in Sources */,
				53C3AFCE2BCEA82500BE5C97 /* RMCharacterDetailsViewController.swift in Sources */,
				53BFD4C52BB7F9E100AA12BC /* RMEndpoint.swift in Sources */,
				53BFD4972BB7EC1F00AA12BC /* SceneDelegate.swift in Sources */,
				53F398B92BC1487B005FDDD6 /* Extensions.swift in Sources */,
				D11FD11F2BDDD9FF00D37FB3 /* RMEpisodeDetailViewController.swift in Sources */,
				53BFD4C32BB7F98F00AA12BC /* RMRequest.swift in Sources */,
				53F4925E2BD2584500ABC23D /* CharacterPhotoCellViewModel.swift in Sources */,
				53F398C12BC1551A005FDDD6 /* ActivityIndicator.swift in Sources */,
				53BFD4B72BB7F1D700AA12BC /* RMCharacterViewController.swift in Sources */,
			);
			runOnlyForDeploymentPostprocessing = 0;
		};
/* End PBXSourcesBuildPhase section */

/* Begin PBXVariantGroup section */
		53BFD49F2BB7EC2100AA12BC /* LaunchScreen.storyboard */ = {
			isa = PBXVariantGroup;
			children = (
				53BFD4A02BB7EC2100AA12BC /* Base */,
			);
			name = LaunchScreen.storyboard;
			sourceTree = "<group>";
		};
/* End PBXVariantGroup section */

/* Begin XCBuildConfiguration section */
		53BFD4A32BB7EC2100AA12BC /* Debug */ = {
			isa = XCBuildConfiguration;
			buildSettings = {
				ALWAYS_SEARCH_USER_PATHS = NO;
				ASSETCATALOG_COMPILER_GENERATE_SWIFT_ASSET_SYMBOL_EXTENSIONS = YES;
				CLANG_ANALYZER_NONNULL = YES;
				CLANG_ANALYZER_NUMBER_OBJECT_CONVERSION = YES_AGGRESSIVE;
				CLANG_CXX_LANGUAGE_STANDARD = "gnu++20";
				CLANG_ENABLE_MODULES = YES;
				CLANG_ENABLE_OBJC_ARC = YES;
				CLANG_ENABLE_OBJC_WEAK = YES;
				CLANG_WARN_BLOCK_CAPTURE_AUTORELEASING = YES;
				CLANG_WARN_BOOL_CONVERSION = YES;
				CLANG_WARN_COMMA = YES;
				CLANG_WARN_CONSTANT_CONVERSION = YES;
				CLANG_WARN_DEPRECATED_OBJC_IMPLEMENTATIONS = YES;
				CLANG_WARN_DIRECT_OBJC_ISA_USAGE = YES_ERROR;
				CLANG_WARN_DOCUMENTATION_COMMENTS = YES;
				CLANG_WARN_EMPTY_BODY = YES;
				CLANG_WARN_ENUM_CONVERSION = YES;
				CLANG_WARN_INFINITE_RECURSION = YES;
				CLANG_WARN_INT_CONVERSION = YES;
				CLANG_WARN_NON_LITERAL_NULL_CONVERSION = YES;
				CLANG_WARN_OBJC_IMPLICIT_RETAIN_SELF = YES;
				CLANG_WARN_OBJC_LITERAL_CONVERSION = YES;
				CLANG_WARN_OBJC_ROOT_CLASS = YES_ERROR;
				CLANG_WARN_QUOTED_INCLUDE_IN_FRAMEWORK_HEADER = YES;
				CLANG_WARN_RANGE_LOOP_ANALYSIS = YES;
				CLANG_WARN_STRICT_PROTOTYPES = YES;
				CLANG_WARN_SUSPICIOUS_MOVE = YES;
				CLANG_WARN_UNGUARDED_AVAILABILITY = YES_AGGRESSIVE;
				CLANG_WARN_UNREACHABLE_CODE = YES;
				CLANG_WARN__DUPLICATE_METHOD_MATCH = YES;
				COPY_PHASE_STRIP = NO;
				DEBUG_INFORMATION_FORMAT = dwarf;
				ENABLE_STRICT_OBJC_MSGSEND = YES;
				ENABLE_TESTABILITY = YES;
				ENABLE_USER_SCRIPT_SANDBOXING = YES;
				GCC_C_LANGUAGE_STANDARD = gnu17;
				GCC_DYNAMIC_NO_PIC = NO;
				GCC_NO_COMMON_BLOCKS = YES;
				GCC_OPTIMIZATION_LEVEL = 0;
				GCC_PREPROCESSOR_DEFINITIONS = (
					"DEBUG=1",
					"$(inherited)",
				);
				GCC_WARN_64_TO_32_BIT_CONVERSION = YES;
				GCC_WARN_ABOUT_RETURN_TYPE = YES_ERROR;
				GCC_WARN_UNDECLARED_SELECTOR = YES;
				GCC_WARN_UNINITIALIZED_AUTOS = YES_AGGRESSIVE;
				GCC_WARN_UNUSED_FUNCTION = YES;
				GCC_WARN_UNUSED_VARIABLE = YES;
				IPHONEOS_DEPLOYMENT_TARGET = 17.0;
				LOCALIZATION_PREFERS_STRING_CATALOGS = YES;
				MTL_ENABLE_DEBUG_INFO = INCLUDE_SOURCE;
				MTL_FAST_MATH = YES;
				ONLY_ACTIVE_ARCH = YES;
				SDKROOT = iphoneos;
				SWIFT_ACTIVE_COMPILATION_CONDITIONS = "DEBUG $(inherited)";
				SWIFT_OPTIMIZATION_LEVEL = "-Onone";
			};
			name = Debug;
		};
		53BFD4A42BB7EC2100AA12BC /* Release */ = {
			isa = XCBuildConfiguration;
			buildSettings = {
				ALWAYS_SEARCH_USER_PATHS = NO;
				ASSETCATALOG_COMPILER_GENERATE_SWIFT_ASSET_SYMBOL_EXTENSIONS = YES;
				CLANG_ANALYZER_NONNULL = YES;
				CLANG_ANALYZER_NUMBER_OBJECT_CONVERSION = YES_AGGRESSIVE;
				CLANG_CXX_LANGUAGE_STANDARD = "gnu++20";
				CLANG_ENABLE_MODULES = YES;
				CLANG_ENABLE_OBJC_ARC = YES;
				CLANG_ENABLE_OBJC_WEAK = YES;
				CLANG_WARN_BLOCK_CAPTURE_AUTORELEASING = YES;
				CLANG_WARN_BOOL_CONVERSION = YES;
				CLANG_WARN_COMMA = YES;
				CLANG_WARN_CONSTANT_CONVERSION = YES;
				CLANG_WARN_DEPRECATED_OBJC_IMPLEMENTATIONS = YES;
				CLANG_WARN_DIRECT_OBJC_ISA_USAGE = YES_ERROR;
				CLANG_WARN_DOCUMENTATION_COMMENTS = YES;
				CLANG_WARN_EMPTY_BODY = YES;
				CLANG_WARN_ENUM_CONVERSION = YES;
				CLANG_WARN_INFINITE_RECURSION = YES;
				CLANG_WARN_INT_CONVERSION = YES;
				CLANG_WARN_NON_LITERAL_NULL_CONVERSION = YES;
				CLANG_WARN_OBJC_IMPLICIT_RETAIN_SELF = YES;
				CLANG_WARN_OBJC_LITERAL_CONVERSION = YES;
				CLANG_WARN_OBJC_ROOT_CLASS = YES_ERROR;
				CLANG_WARN_QUOTED_INCLUDE_IN_FRAMEWORK_HEADER = YES;
				CLANG_WARN_RANGE_LOOP_ANALYSIS = YES;
				CLANG_WARN_STRICT_PROTOTYPES = YES;
				CLANG_WARN_SUSPICIOUS_MOVE = YES;
				CLANG_WARN_UNGUARDED_AVAILABILITY = YES_AGGRESSIVE;
				CLANG_WARN_UNREACHABLE_CODE = YES;
				CLANG_WARN__DUPLICATE_METHOD_MATCH = YES;
				COPY_PHASE_STRIP = NO;
				DEBUG_INFORMATION_FORMAT = "dwarf-with-dsym";
				ENABLE_NS_ASSERTIONS = NO;
				ENABLE_STRICT_OBJC_MSGSEND = YES;
				ENABLE_USER_SCRIPT_SANDBOXING = YES;
				GCC_C_LANGUAGE_STANDARD = gnu17;
				GCC_NO_COMMON_BLOCKS = YES;
				GCC_WARN_64_TO_32_BIT_CONVERSION = YES;
				GCC_WARN_ABOUT_RETURN_TYPE = YES_ERROR;
				GCC_WARN_UNDECLARED_SELECTOR = YES;
				GCC_WARN_UNINITIALIZED_AUTOS = YES_AGGRESSIVE;
				GCC_WARN_UNUSED_FUNCTION = YES;
				GCC_WARN_UNUSED_VARIABLE = YES;
				IPHONEOS_DEPLOYMENT_TARGET = 17.0;
				LOCALIZATION_PREFERS_STRING_CATALOGS = YES;
				MTL_ENABLE_DEBUG_INFO = NO;
				MTL_FAST_MATH = YES;
				SDKROOT = iphoneos;
				SWIFT_COMPILATION_MODE = wholemodule;
				VALIDATE_PRODUCT = YES;
			};
			name = Release;
		};
		53BFD4A62BB7EC2100AA12BC /* Debug */ = {
			isa = XCBuildConfiguration;
			buildSettings = {
				ASSETCATALOG_COMPILER_APPICON_NAME = AppIcon;
				ASSETCATALOG_COMPILER_GLOBAL_ACCENT_COLOR_NAME = AccentColor;
				CODE_SIGN_STYLE = Automatic;
				CURRENT_PROJECT_VERSION = 1;
				GENERATE_INFOPLIST_FILE = YES;
				INFOPLIST_FILE = RickAndMortyIOS/Info.plist;
				INFOPLIST_KEY_UIApplicationSupportsIndirectInputEvents = YES;
				INFOPLIST_KEY_UILaunchStoryboardName = LaunchScreen;
				INFOPLIST_KEY_UIMainStoryboardFile = "";
				INFOPLIST_KEY_UISupportedInterfaceOrientations_iPad = "UIInterfaceOrientationPortrait UIInterfaceOrientationPortraitUpsideDown UIInterfaceOrientationLandscapeLeft UIInterfaceOrientationLandscapeRight";
				INFOPLIST_KEY_UISupportedInterfaceOrientations_iPhone = "UIInterfaceOrientationPortrait UIInterfaceOrientationLandscapeLeft UIInterfaceOrientationLandscapeRight";
				LD_RUNPATH_SEARCH_PATHS = (
					"$(inherited)",
					"@executable_path/Frameworks",
				);
				MARKETING_VERSION = 1.0;
				PRODUCT_BUNDLE_IDENTIFIER = com.sstonn.RickAndMortyIOS;
				PRODUCT_NAME = "$(TARGET_NAME)";
				SWIFT_EMIT_LOC_STRINGS = YES;
				SWIFT_VERSION = 5.0;
				TARGETED_DEVICE_FAMILY = "1,2";
			};
			name = Debug;
		};
		53BFD4A72BB7EC2100AA12BC /* Release */ = {
			isa = XCBuildConfiguration;
			buildSettings = {
				ASSETCATALOG_COMPILER_APPICON_NAME = AppIcon;
				ASSETCATALOG_COMPILER_GLOBAL_ACCENT_COLOR_NAME = AccentColor;
				CODE_SIGN_STYLE = Automatic;
				CURRENT_PROJECT_VERSION = 1;
				GENERATE_INFOPLIST_FILE = YES;
				INFOPLIST_FILE = RickAndMortyIOS/Info.plist;
				INFOPLIST_KEY_UIApplicationSupportsIndirectInputEvents = YES;
				INFOPLIST_KEY_UILaunchStoryboardName = LaunchScreen;
				INFOPLIST_KEY_UIMainStoryboardFile = "";
				INFOPLIST_KEY_UISupportedInterfaceOrientations_iPad = "UIInterfaceOrientationPortrait UIInterfaceOrientationPortraitUpsideDown UIInterfaceOrientationLandscapeLeft UIInterfaceOrientationLandscapeRight";
				INFOPLIST_KEY_UISupportedInterfaceOrientations_iPhone = "UIInterfaceOrientationPortrait UIInterfaceOrientationLandscapeLeft UIInterfaceOrientationLandscapeRight";
				LD_RUNPATH_SEARCH_PATHS = (
					"$(inherited)",
					"@executable_path/Frameworks",
				);
				MARKETING_VERSION = 1.0;
				PRODUCT_BUNDLE_IDENTIFIER = com.sstonn.RickAndMortyIOS;
				PRODUCT_NAME = "$(TARGET_NAME)";
				SWIFT_EMIT_LOC_STRINGS = YES;
				SWIFT_VERSION = 5.0;
				TARGETED_DEVICE_FAMILY = "1,2";
			};
			name = Release;
		};
/* End XCBuildConfiguration section */

/* Begin XCConfigurationList section */
		53BFD48C2BB7EC1F00AA12BC /* Build configuration list for PBXProject "RickAndMortyIOS" */ = {
			isa = XCConfigurationList;
			buildConfigurations = (
				53BFD4A32BB7EC2100AA12BC /* Debug */,
				53BFD4A42BB7EC2100AA12BC /* Release */,
			);
			defaultConfigurationIsVisible = 0;
			defaultConfigurationName = Release;
		};
		53BFD4A52BB7EC2100AA12BC /* Build configuration list for PBXNativeTarget "RickAndMortyIOS" */ = {
			isa = XCConfigurationList;
			buildConfigurations = (
				53BFD4A62BB7EC2100AA12BC /* Debug */,
				53BFD4A72BB7EC2100AA12BC /* Release */,
			);
			defaultConfigurationIsVisible = 0;
			defaultConfigurationName = Release;
		};
/* End XCConfigurationList section */

/* Begin XCRemoteSwiftPackageReference section */
		53F398A82BC14223005FDDD6 /* XCRemoteSwiftPackageReference "SnapKit" */ = {
			isa = XCRemoteSwiftPackageReference;
			repositoryURL = "https://github.com/SnapKit/SnapKit.git";
			requirement = {
				kind = upToNextMajorVersion;
				minimumVersion = 5.7.1;
			};
		};
		53F398AD2BC14258005FDDD6 /* XCRemoteSwiftPackageReference "RxSwift" */ = {
			isa = XCRemoteSwiftPackageReference;
			repositoryURL = "https://github.com/ReactiveX/RxSwift.git";
			requirement = {
				kind = upToNextMajorVersion;
				minimumVersion = 6.6.0;
			};
		};
		53F398BA2BC14D7D005FDDD6 /* XCRemoteSwiftPackageReference "RxDataSources" */ = {
			isa = XCRemoteSwiftPackageReference;
			repositoryURL = "https://github.com/RxSwiftCommunity/RxDataSources.git";
			requirement = {
				kind = upToNextMajorVersion;
				minimumVersion = 5.0.2;
			};
		};
/* End XCRemoteSwiftPackageReference section */

/* Begin XCSwiftPackageProductDependency section */
		53F398A92BC14223005FDDD6 /* SnapKit */ = {
			isa = XCSwiftPackageProductDependency;
			package = 53F398A82BC14223005FDDD6 /* XCRemoteSwiftPackageReference "SnapKit" */;
			productName = SnapKit;
		};
		53F398AB2BC14223005FDDD6 /* SnapKit-Dynamic */ = {
			isa = XCSwiftPackageProductDependency;
			package = 53F398A82BC14223005FDDD6 /* XCRemoteSwiftPackageReference "SnapKit" */;
			productName = "SnapKit-Dynamic";
		};
		53F398AE2BC14259005FDDD6 /* RxBlocking */ = {
			isa = XCSwiftPackageProductDependency;
			package = 53F398AD2BC14258005FDDD6 /* XCRemoteSwiftPackageReference "RxSwift" */;
			productName = RxBlocking;
		};
		53F398B02BC14259005FDDD6 /* RxBlocking-Dynamic */ = {
			isa = XCSwiftPackageProductDependency;
			package = 53F398AD2BC14258005FDDD6 /* XCRemoteSwiftPackageReference "RxSwift" */;
			productName = "RxBlocking-Dynamic";
		};
		53F398B22BC14259005FDDD6 /* RxCocoa */ = {
			isa = XCSwiftPackageProductDependency;
			package = 53F398AD2BC14258005FDDD6 /* XCRemoteSwiftPackageReference "RxSwift" */;
			productName = RxCocoa;
		};
		53F398B42BC14259005FDDD6 /* RxCocoa-Dynamic */ = {
			isa = XCSwiftPackageProductDependency;
			package = 53F398AD2BC14258005FDDD6 /* XCRemoteSwiftPackageReference "RxSwift" */;
			productName = "RxCocoa-Dynamic";
		};
		53F398B62BC14259005FDDD6 /* RxRelay */ = {
			isa = XCSwiftPackageProductDependency;
			package = 53F398AD2BC14258005FDDD6 /* XCRemoteSwiftPackageReference "RxSwift" */;
			productName = RxRelay;
		};
		53F398BB2BC14D7D005FDDD6 /* Differentiator */ = {
			isa = XCSwiftPackageProductDependency;
			package = 53F398BA2BC14D7D005FDDD6 /* XCRemoteSwiftPackageReference "RxDataSources" */;
			productName = Differentiator;
		};
		53F398BD2BC14D7D005FDDD6 /* RxDataSources */ = {
			isa = XCSwiftPackageProductDependency;
			package = 53F398BA2BC14D7D005FDDD6 /* XCRemoteSwiftPackageReference "RxDataSources" */;
			productName = RxDataSources;
		};
/* End XCSwiftPackageProductDependency section */
	};
	rootObject = 53BFD4892BB7EC1F00AA12BC /* Project object */;
}
