// !$*UTF8*$!
{
	archiveVersion = 1;
	classes = {
	};
	objectVersion = 56;
	objects = {

/* Begin PBXBuildFile section */
		53BFD4952BB7EC1F00AA12BC /* AppDelegate.swift in Sources */ = {isa = PBXBuildFile; fileRef = 53BFD4942BB7EC1F00AA12BC /* AppDelegate.swift */; };
		53BFD4972BB7EC1F00AA12BC /* SceneDelegate.swift in Sources */ = {isa = PBXBuildFile; fileRef = 53BFD4962BB7EC1F00AA12BC /* SceneDelegate.swift */; };
		53BFD4992BB7EC1F00AA12BC /* RMTabViewController.swift in Sources */ = {isa = PBXBuildFile; fileRef = 53BFD4982BB7EC1F00AA12BC /* RMTabViewController.swift */; };
		53BFD49E2BB7EC2100AA12BC /* Assets.xcassets in Resources */ = {isa = PBXBuildFile; fileRef = 53BFD49D2BB7EC2100AA12BC /* Assets.xcassets */; };
		53BFD4A12BB7EC2100AA12BC /* LaunchScreen.storyboard in Resources */ = {isa = PBXBuildFile; fileRef = 53BFD49F2BB7EC2100AA12BC /* LaunchScreen.storyboard */; };
		53BFD4B12BB7F14500AA12BC /* Location.swift in Sources */ = {isa = PBXBuildFile; fileRef = 53BFD4B02BB7F14500AA12BC /* Location.swift */; };
		53BFD4B32BB7F15000AA12BC /* Character.swift in Sources */ = {isa = PBXBuildFile; fileRef = 53BFD4B22BB7F15000AA12BC /* Character.swift */; };
		53BFD4B52BB7F16C00AA12BC /* Episode.swift in Sources */ = {isa = PBXBuildFile; fileRef = 53BFD4B42BB7F16C00AA12BC /* Episode.swift */; };
		53BFD4B72BB7F1D700AA12BC /* RMCharacterViewController.swift in Sources */ = {isa = PBXBuildFile; fileRef = 53BFD4B62BB7F1D700AA12BC /* RMCharacterViewController.swift */; };
		53BFD4B92BB7F1F000AA12BC /* RMLocationViewController.swift in Sources */ = {isa = PBXBuildFile; fileRef = 53BFD4B82BB7F1F000AA12BC /* RMLocationViewController.swift */; };
		53BFD4BB2BB7F1FE00AA12BC /* RMEpisodeViewController.swift in Sources */ = {isa = PBXBuildFile; fileRef = 53BFD4BA2BB7F1FE00AA12BC /* RMEpisodeViewController.swift */; };
		53BFD4BF2BB7F2F900AA12BC /* RMSettingsViewController.swift in Sources */ = {isa = PBXBuildFile; fileRef = 53BFD4BE2BB7F2F900AA12BC /* RMSettingsViewController.swift */; };
/* End PBXBuildFile section */

/* Begin PBXFileReference section */
		53BFD4912BB7EC1F00AA12BC /* RickAndMortyIOS.app */ = {isa = PBXFileReference; explicitFileType = wrapper.application; includeInIndex = 0; path = RickAndMortyIOS.app; sourceTree = BUILT_PRODUCTS_DIR; };
		53BFD4942BB7EC1F00AA12BC /* AppDelegate.swift */ = {isa = PBXFileReference; lastKnownFileType = sourcecode.swift; path = AppDelegate.swift; sourceTree = "<group>"; };
		53BFD4962BB7EC1F00AA12BC /* SceneDelegate.swift */ = {isa = PBXFileReference; lastKnownFileType = sourcecode.swift; path = SceneDelegate.swift; sourceTree = "<group>"; };
		53BFD4982BB7EC1F00AA12BC /* RMTabViewController.swift */ = {isa = PBXFileReference; lastKnownFileType = sourcecode.swift; path = RMTabViewController.swift; sourceTree = "<group>"; };
		53BFD49D2BB7EC2100AA12BC /* Assets.xcassets */ = {isa = PBXFileReference; lastKnownFileType = folder.assetcatalog; path = Assets.xcassets; sourceTree = "<group>"; };
		53BFD4A02BB7EC2100AA12BC /* Base */ = {isa = PBXFileReference; lastKnownFileType = file.storyboard; name = Base; path = Base.lproj/LaunchScreen.storyboard; sourceTree = "<group>"; };
		53BFD4A22BB7EC2100AA12BC /* Info.plist */ = {isa = PBXFileReference; lastKnownFileType = text.plist.xml; path = Info.plist; sourceTree = "<group>"; };
		53BFD4B02BB7F14500AA12BC /* Location.swift */ = {isa = PBXFileReference; lastKnownFileType = sourcecode.swift; path = Location.swift; sourceTree = "<group>"; };
		53BFD4B22BB7F15000AA12BC /* Character.swift */ = {isa = PBXFileReference; lastKnownFileType = sourcecode.swift; path = Character.swift; sourceTree = "<group>"; };
		53BFD4B42BB7F16C00AA12BC /* Episode.swift */ = {isa = PBXFileReference; lastKnownFileType = sourcecode.swift; path = Episode.swift; sourceTree = "<group>"; };
		53BFD4B62BB7F1D700AA12BC /* RMCharacterViewController.swift */ = {isa = PBXFileReference; lastKnownFileType = sourcecode.swift; path = RMCharacterViewController.swift; sourceTree = "<group>"; };
		53BFD4B82BB7F1F000AA12BC /* RMLocationViewController.swift */ = {isa = PBXFileReference; lastKnownFileType = sourcecode.swift; path = RMLocationViewController.swift; sourceTree = "<group>"; };
		53BFD4BA2BB7F1FE00AA12BC /* RMEpisodeViewController.swift */ = {isa = PBXFileReference; lastKnownFileType = sourcecode.swift; path = RMEpisodeViewController.swift; sourceTree = "<group>"; };
		53BFD4BE2BB7F2F900AA12BC /* RMSettingsViewController.swift */ = {isa = PBXFileReference; lastKnownFileType = sourcecode.swift; path = RMSettingsViewController.swift; sourceTree = "<group>"; };
/* End PBXFileReference section */

/* Begin PBXFrameworksBuildPhase section */
		53BFD48E2BB7EC1F00AA12BC /* Frameworks */ = {
			isa = PBXFrameworksBuildPhase;
			buildActionMask = 2147483647;
			files = (
			);
			runOnlyForDeploymentPostprocessing = 0;
		};
/* End PBXFrameworksBuildPhase section */

/* Begin PBXGroup section */
		53BFD4882BB7EC1F00AA12BC = {
			isa = PBXGroup;
			children = (
				53BFD4932BB7EC1F00AA12BC /* RickAndMortyIOS */,
				53BFD4922BB7EC1F00AA12BC /* Products */,
			);
			sourceTree = "<group>";
		};
		53BFD4922BB7EC1F00AA12BC /* Products */ = {
			isa = PBXGroup;
			children = (
				53BFD4912BB7EC1F00AA12BC /* RickAndMortyIOS.app */,
			);
			name = Products;
			sourceTree = "<group>";
		};
		53BFD4932BB7EC1F00AA12BC /* RickAndMortyIOS */ = {
			isa = PBXGroup;
			children = (
				53BFD4BD2BB7F24000AA12BC /* Features */,
				53BFD4AF2BB7F11B00AA12BC /* ViewControllers */,
				53BFD4AE2BB7F10F00AA12BC /* Models */,
				53BFD4AD2BB7F10900AA12BC /* Views */,
				53BFD4AC2BB7F10300AA12BC /* ViewModels */,
				53BFD4AB2BB7F0FB00AA12BC /* ApiClient */,
				53BFD4AA2BB7F0DE00AA12BC /* Managers */,
				53BFD4A92BB7F0D400AA12BC /* Resources */,
				53BFD4A82BB7F08500AA12BC /* Features */,
				53BFD4942BB7EC1F00AA12BC /* AppDelegate.swift */,
				53BFD4962BB7EC1F00AA12BC /* SceneDelegate.swift */,
				53BFD49D2BB7EC2100AA12BC /* Assets.xcassets */,
				53BFD49F2BB7EC2100AA12BC /* LaunchScreen.storyboard */,
				53BFD4A22BB7EC2100AA12BC /* Info.plist */,
			);
			path = RickAndMortyIOS;
			sourceTree = "<group>";
		};
		53BFD4A82BB7F08500AA12BC /* Features */ = {
			isa = PBXGroup;
			children = (
			);
			path = Features;
			sourceTree = "<group>";
		};
		53BFD4A92BB7F0D400AA12BC /* Resources */ = {
			isa = PBXGroup;
			children = (
			);
			path = Resources;
			sourceTree = "<group>";
		};
		53BFD4AA2BB7F0DE00AA12BC /* Managers */ = {
			isa = PBXGroup;
			children = (
			);
			path = Managers;
			sourceTree = "<group>";
		};
		53BFD4AB2BB7F0FB00AA12BC /* ApiClient */ = {
			isa = PBXGroup;
			children = (
			);
			path = ApiClient;
			sourceTree = "<group>";
		};
		53BFD4AC2BB7F10300AA12BC /* ViewModels */ = {
			isa = PBXGroup;
			children = (
			);
			path = ViewModels;
			sourceTree = "<group>";
		};
		53BFD4AD2BB7F10900AA12BC /* Views */ = {
			isa = PBXGroup;
			children = (
			);
			path = Views;
			sourceTree = "<group>";
		};
		53BFD4AE2BB7F10F00AA12BC /* Models */ = {
			isa = PBXGroup;
			children = (
				53BFD4B02BB7F14500AA12BC /* Location.swift */,
				53BFD4B22BB7F15000AA12BC /* Character.swift */,
				53BFD4B42BB7F16C00AA12BC /* Episode.swift */,
			);
			path = Models;
			sourceTree = "<group>";
		};
		53BFD4AF2BB7F11B00AA12BC /* ViewControllers */ = {
			isa = PBXGroup;
			children = (
				53BFD4982BB7EC1F00AA12BC /* RMTabViewController.swift */,
				53BFD4B62BB7F1D700AA12BC /* RMCharacterViewController.swift */,
				53BFD4B82BB7F1F000AA12BC /* RMLocationViewController.swift */,
				53BFD4BA2BB7F1FE00AA12BC /* RMEpisodeViewController.swift */,
				53BFD4BE2BB7F2F900AA12BC /* RMSettingsViewController.swift */,
			);
			path = ViewControllers;
			sourceTree = "<group>";
		};
		53BFD4BD2BB7F24000AA12BC /* Features */ = {
			isa = PBXGroup;
			children = (
			);
			path = Features;
			sourceTree = "<group>";
		};
/* End PBXGroup section */

/* Begin PBXNativeTarget section */
		53BFD4902BB7EC1F00AA12BC /* RickAndMortyIOS */ = {
			isa = PBXNativeTarget;
			buildConfigurationList = 53BFD4A52BB7EC2100AA12BC /* Build configuration list for PBXNativeTarget "RickAndMortyIOS" */;
			buildPhases = (
				53BFD48D2BB7EC1F00AA12BC /* Sources */,
				53BFD48E2BB7EC1F00AA12BC /* Frameworks */,
				53BFD48F2BB7EC1F00AA12BC /* Resources */,
			);
			buildRules = (
			);
			dependencies = (
			);
			name = RickAndMortyIOS;
			productName = RickAndMortyIOS;
			productReference = 53BFD4912BB7EC1F00AA12BC /* RickAndMortyIOS.app */;
			productType = "com.apple.product-type.application";
		};
/* End PBXNativeTarget section */

/* Begin PBXProject section */
		53BFD4892BB7EC1F00AA12BC /* Project object */ = {
			isa = PBXProject;
			attributes = {
				BuildIndependentTargetsInParallel = 1;
				LastSwiftUpdateCheck = 1500;
				LastUpgradeCheck = 1500;
				TargetAttributes = {
					53BFD4902BB7EC1F00AA12BC = {
						CreatedOnToolsVersion = 15.0.1;
					};
				};
			};
			buildConfigurationList = 53BFD48C2BB7EC1F00AA12BC /* Build configuration list for PBXProject "RickAndMortyIOS" */;
			compatibilityVersion = "Xcode 14.0";
			developmentRegion = en;
			hasScannedForEncodings = 0;
			knownRegions = (
				en,
				Base,
			);
			mainGroup = 53BFD4882BB7EC1F00AA12BC;
			productRefGroup = 53BFD4922BB7EC1F00AA12BC /* Products */;
			projectDirPath = "";
			projectRoot = "";
			targets = (
				53BFD4902BB7EC1F00AA12BC /* RickAndMortyIOS */,
			);
		};
/* End PBXProject section */

/* Begin PBXResourcesBuildPhase section */
		53BFD48F2BB7EC1F00AA12BC /* Resources */ = {
			isa = PBXResourcesBuildPhase;
			buildActionMask = 2147483647;
			files = (
				53BFD4A12BB7EC2100AA12BC /* LaunchScreen.storyboard in Resources */,
				53BFD49E2BB7EC2100AA12BC /* Assets.xcassets in Resources */,
			);
			runOnlyForDeploymentPostprocessing = 0;
		};
/* End PBXResourcesBuildPhase section */

/* Begin PBXSourcesBuildPhase section */
		53BFD48D2BB7EC1F00AA12BC /* Sources */ = {
			isa = PBXSourcesBuildPhase;
			buildActionMask = 2147483647;
			files = (
				53BFD4B92BB7F1F000AA12BC /* RMLocationViewController.swift in Sources */,
				53BFD4992BB7EC1F00AA12BC /* RMTabViewController.swift in Sources */,
				53BFD4B52BB7F16C00AA12BC /* Episode.swift in Sources */,
				53BFD4BB2BB7F1FE00AA12BC /* RMEpisodeViewController.swift in Sources */,
				53BFD4952BB7EC1F00AA12BC /* AppDelegate.swift in Sources */,
				53BFD4B32BB7F15000AA12BC /* Character.swift in Sources */,
				53BFD4BF2BB7F2F900AA12BC /* RMSettingsViewController.swift in Sources */,
				53BFD4B12BB7F14500AA12BC /* Location.swift in Sources */,
				53BFD4972BB7EC1F00AA12BC /* SceneDelegate.swift in Sources */,
				53BFD4B72BB7F1D700AA12BC /* RMCharacterViewController.swift in Sources */,
			);
			runOnlyForDeploymentPostprocessing = 0;
		};
/* End PBXSourcesBuildPhase section */

/* Begin PBXVariantGroup section */
		53BFD49F2BB7EC2100AA12BC /* LaunchScreen.storyboard */ = {
			isa = PBXVariantGroup;
			children = (
				53BFD4A02BB7EC2100AA12BC /* Base */,
			);
			name = LaunchScreen.storyboard;
			sourceTree = "<group>";
		};
/* End PBXVariantGroup section */

/* Begin XCBuildConfiguration section */
		53BFD4A32BB7EC2100AA12BC /* Debug */ = {
			isa = XCBuildConfiguration;
			buildSettings = {
				ALWAYS_SEARCH_USER_PATHS = NO;
				ASSETCATALOG_COMPILER_GENERATE_SWIFT_ASSET_SYMBOL_EXTENSIONS = YES;
				CLANG_ANALYZER_NONNULL = YES;
				CLANG_ANALYZER_NUMBER_OBJECT_CONVERSION = YES_AGGRESSIVE;
				CLANG_CXX_LANGUAGE_STANDARD = "gnu++20";
				CLANG_ENABLE_MODULES = YES;
				CLANG_ENABLE_OBJC_ARC = YES;
				CLANG_ENABLE_OBJC_WEAK = YES;
				CLANG_WARN_BLOCK_CAPTURE_AUTORELEASING = YES;
				CLANG_WARN_BOOL_CONVERSION = YES;
				CLANG_WARN_COMMA = YES;
				CLANG_WARN_CONSTANT_CONVERSION = YES;
				CLANG_WARN_DEPRECATED_OBJC_IMPLEMENTATIONS = YES;
				CLANG_WARN_DIRECT_OBJC_ISA_USAGE = YES_ERROR;
				CLANG_WARN_DOCUMENTATION_COMMENTS = YES;
				CLANG_WARN_EMPTY_BODY = YES;
				CLANG_WARN_ENUM_CONVERSION = YES;
				CLANG_WARN_INFINITE_RECURSION = YES;
				CLANG_WARN_INT_CONVERSION = YES;
				CLANG_WARN_NON_LITERAL_NULL_CONVERSION = YES;
				CLANG_WARN_OBJC_IMPLICIT_RETAIN_SELF = YES;
				CLANG_WARN_OBJC_LITERAL_CONVERSION = YES;
				CLANG_WARN_OBJC_ROOT_CLASS = YES_ERROR;
				CLANG_WARN_QUOTED_INCLUDE_IN_FRAMEWORK_HEADER = YES;
				CLANG_WARN_RANGE_LOOP_ANALYSIS = YES;
				CLANG_WARN_STRICT_PROTOTYPES = YES;
				CLANG_WARN_SUSPICIOUS_MOVE = YES;
				CLANG_WARN_UNGUARDED_AVAILABILITY = YES_AGGRESSIVE;
				CLANG_WARN_UNREACHABLE_CODE = YES;
				CLANG_WARN__DUPLICATE_METHOD_MATCH = YES;
				COPY_PHASE_STRIP = NO;
				DEBUG_INFORMATION_FORMAT = dwarf;
				ENABLE_STRICT_OBJC_MSGSEND = YES;
				ENABLE_TESTABILITY = YES;
				ENABLE_USER_SCRIPT_SANDBOXING = YES;
				GCC_C_LANGUAGE_STANDARD = gnu17;
				GCC_DYNAMIC_NO_PIC = NO;
				GCC_NO_COMMON_BLOCKS = YES;
				GCC_OPTIMIZATION_LEVEL = 0;
				GCC_PREPROCESSOR_DEFINITIONS = (
					"DEBUG=1",
					"$(inherited)",
				);
				GCC_WARN_64_TO_32_BIT_CONVERSION = YES;
				GCC_WARN_ABOUT_RETURN_TYPE = YES_ERROR;
				GCC_WARN_UNDECLARED_SELECTOR = YES;
				GCC_WARN_UNINITIALIZED_AUTOS = YES_AGGRESSIVE;
				GCC_WARN_UNUSED_FUNCTION = YES;
				GCC_WARN_UNUSED_VARIABLE = YES;
				IPHONEOS_DEPLOYMENT_TARGET = 17.0;
				LOCALIZATION_PREFERS_STRING_CATALOGS = YES;
				MTL_ENABLE_DEBUG_INFO = INCLUDE_SOURCE;
				MTL_FAST_MATH = YES;
				ONLY_ACTIVE_ARCH = YES;
				SDKROOT = iphoneos;
				SWIFT_ACTIVE_COMPILATION_CONDITIONS = "DEBUG $(inherited)";
				SWIFT_OPTIMIZATION_LEVEL = "-Onone";
			};
			name = Debug;
		};
		53BFD4A42BB7EC2100AA12BC /* Release */ = {
			isa = XCBuildConfiguration;
			buildSettings = {
				ALWAYS_SEARCH_USER_PATHS = NO;
				ASSETCATALOG_COMPILER_GENERATE_SWIFT_ASSET_SYMBOL_EXTENSIONS = YES;
				CLANG_ANALYZER_NONNULL = YES;
				CLANG_ANALYZER_NUMBER_OBJECT_CONVERSION = YES_AGGRESSIVE;
				CLANG_CXX_LANGUAGE_STANDARD = "gnu++20";
				CLANG_ENABLE_MODULES = YES;
				CLANG_ENABLE_OBJC_ARC = YES;
				CLANG_ENABLE_OBJC_WEAK = YES;
				CLANG_WARN_BLOCK_CAPTURE_AUTORELEASING = YES;
				CLANG_WARN_BOOL_CONVERSION = YES;
				CLANG_WARN_COMMA = YES;
				CLANG_WARN_CONSTANT_CONVERSION = YES;
				CLANG_WARN_DEPRECATED_OBJC_IMPLEMENTATIONS = YES;
				CLANG_WARN_DIRECT_OBJC_ISA_USAGE = YES_ERROR;
				CLANG_WARN_DOCUMENTATION_COMMENTS = YES;
				CLANG_WARN_EMPTY_BODY = YES;
				CLANG_WARN_ENUM_CONVERSION = YES;
				CLANG_WARN_INFINITE_RECURSION = YES;
				CLANG_WARN_INT_CONVERSION = YES;
				CLANG_WARN_NON_LITERAL_NULL_CONVERSION = YES;
				CLANG_WARN_OBJC_IMPLICIT_RETAIN_SELF = YES;
				CLANG_WARN_OBJC_LITERAL_CONVERSION = YES;
				CLANG_WARN_OBJC_ROOT_CLASS = YES_ERROR;
				CLANG_WARN_QUOTED_INCLUDE_IN_FRAMEWORK_HEADER = YES;
				CLANG_WARN_RANGE_LOOP_ANALYSIS = YES;
				CLANG_WARN_STRICT_PROTOTYPES = YES;
				CLANG_WARN_SUSPICIOUS_MOVE = YES;
				CLANG_WARN_UNGUARDED_AVAILABILITY = YES_AGGRESSIVE;
				CLANG_WARN_UNREACHABLE_CODE = YES;
				CLANG_WARN__DUPLICATE_METHOD_MATCH = YES;
				COPY_PHASE_STRIP = NO;
				DEBUG_INFORMATION_FORMAT = "dwarf-with-dsym";
				ENABLE_NS_ASSERTIONS = NO;
				ENABLE_STRICT_OBJC_MSGSEND = YES;
				ENABLE_USER_SCRIPT_SANDBOXING = YES;
				GCC_C_LANGUAGE_STANDARD = gnu17;
				GCC_NO_COMMON_BLOCKS = YES;
				GCC_WARN_64_TO_32_BIT_CONVERSION = YES;
				GCC_WARN_ABOUT_RETURN_TYPE = YES_ERROR;
				GCC_WARN_UNDECLARED_SELECTOR = YES;
				GCC_WARN_UNINITIALIZED_AUTOS = YES_AGGRESSIVE;
				GCC_WARN_UNUSED_FUNCTION = YES;
				GCC_WARN_UNUSED_VARIABLE = YES;
				IPHONEOS_DEPLOYMENT_TARGET = 17.0;
				LOCALIZATION_PREFERS_STRING_CATALOGS = YES;
				MTL_ENABLE_DEBUG_INFO = NO;
				MTL_FAST_MATH = YES;
				SDKROOT = iphoneos;
				SWIFT_COMPILATION_MODE = wholemodule;
				VALIDATE_PRODUCT = YES;
			};
			name = Release;
		};
		53BFD4A62BB7EC2100AA12BC /* Debug */ = {
			isa = XCBuildConfiguration;
			buildSettings = {
				ASSETCATALOG_COMPILER_APPICON_NAME = AppIcon;
				ASSETCATALOG_COMPILER_GLOBAL_ACCENT_COLOR_NAME = AccentColor;
				CODE_SIGN_STYLE = Automatic;
				CURRENT_PROJECT_VERSION = 1;
				GENERATE_INFOPLIST_FILE = YES;
				INFOPLIST_FILE = RickAndMortyIOS/Info.plist;
				INFOPLIST_KEY_UIApplicationSupportsIndirectInputEvents = YES;
				INFOPLIST_KEY_UILaunchStoryboardName = LaunchScreen;
				INFOPLIST_KEY_UIMainStoryboardFile = "";
				INFOPLIST_KEY_UISupportedInterfaceOrientations_iPad = "UIInterfaceOrientationPortrait UIInterfaceOrientationPortraitUpsideDown UIInterfaceOrientationLandscapeLeft UIInterfaceOrientationLandscapeRight";
				INFOPLIST_KEY_UISupportedInterfaceOrientations_iPhone = "UIInterfaceOrientationPortrait UIInterfaceOrientationLandscapeLeft UIInterfaceOrientationLandscapeRight";
				LD_RUNPATH_SEARCH_PATHS = (
					"$(inherited)",
					"@executable_path/Frameworks",
				);
				MARKETING_VERSION = 1.0;
				PRODUCT_BUNDLE_IDENTIFIER = com.sstonn.RickAndMortyIOS;
				PRODUCT_NAME = "$(TARGET_NAME)";
				SWIFT_EMIT_LOC_STRINGS = YES;
				SWIFT_VERSION = 5.0;
				TARGETED_DEVICE_FAMILY = "1,2";
			};
			name = Debug;
		};
		53BFD4A72BB7EC2100AA12BC /* Release */ = {
			isa = XCBuildConfiguration;
			buildSettings = {
				ASSETCATALOG_COMPILER_APPICON_NAME = AppIcon;
				ASSETCATALOG_COMPILER_GLOBAL_ACCENT_COLOR_NAME = AccentColor;
				CODE_SIGN_STYLE = Automatic;
				CURRENT_PROJECT_VERSION = 1;
				GENERATE_INFOPLIST_FILE = YES;
				INFOPLIST_FILE = RickAndMortyIOS/Info.plist;
				INFOPLIST_KEY_UIApplicationSupportsIndirectInputEvents = YES;
				INFOPLIST_KEY_UILaunchStoryboardName = LaunchScreen;
				INFOPLIST_KEY_UIMainStoryboardFile = "";
				INFOPLIST_KEY_UISupportedInterfaceOrientations_iPad = "UIInterfaceOrientationPortrait UIInterfaceOrientationPortraitUpsideDown UIInterfaceOrientationLandscapeLeft UIInterfaceOrientationLandscapeRight";
				INFOPLIST_KEY_UISupportedInterfaceOrientations_iPhone = "UIInterfaceOrientationPortrait UIInterfaceOrientationLandscapeLeft UIInterfaceOrientationLandscapeRight";
				LD_RUNPATH_SEARCH_PATHS = (
					"$(inherited)",
					"@executable_path/Frameworks",
				);
				MARKETING_VERSION = 1.0;
				PRODUCT_BUNDLE_IDENTIFIER = com.sstonn.RickAndMortyIOS;
				PRODUCT_NAME = "$(TARGET_NAME)";
				SWIFT_EMIT_LOC_STRINGS = YES;
				SWIFT_VERSION = 5.0;
				TARGETED_DEVICE_FAMILY = "1,2";
			};
			name = Release;
		};
/* End XCBuildConfiguration section */

/* Begin XCConfigurationList section */
		53BFD48C2BB7EC1F00AA12BC /* Build configuration list for PBXProject "RickAndMortyIOS" */ = {
			isa = XCConfigurationList;
			buildConfigurations = (
				53BFD4A32BB7EC2100AA12BC /* Debug */,
				53BFD4A42BB7EC2100AA12BC /* Release */,
			);
			defaultConfigurationIsVisible = 0;
			defaultConfigurationName = Release;
		};
		53BFD4A52BB7EC2100AA12BC /* Build configuration list for PBXNativeTarget "RickAndMortyIOS" */ = {
			isa = XCConfigurationList;
			buildConfigurations = (
				53BFD4A62BB7EC2100AA12BC /* Debug */,
				53BFD4A72BB7EC2100AA12BC /* Release */,
			);
			defaultConfigurationIsVisible = 0;
			defaultConfigurationName = Release;
		};
/* End XCConfigurationList section */
	};
	rootObject = 53BFD4892BB7EC1F00AA12BC /* Project object */;
}
